
Microsoft Visual Studio Solution File, Format Version 11.00
# Visual Studio 2010
Project("{FAE04EC0-301F-11D3-BF4B-00C04F79EFBC}") = "test", "test\test.csproj", "{15943A52-66FC-47E8-880A-8749FF4294B2}"
EndProject
Global
	GlobalSection(SolutionConfigurationPlatforms) = preSolution
		Debug|x86 = Debug|x86
		Release|x86 = Release|x86
	EndGlobalSection
	GlobalSection(ProjectConfigurationPlatforms) = postSolution
		{15943A52-66FC-47E8-880A-8749FF4294B2}.Debug|x86.ActiveCfg = Debug|x86
		{15943A52-66FC-47E8-880A-8749FF4294B2}.Debug|x86.Build.0 = Debug|x86
		{15943A52-66FC-47E8-880A-8749FF4294B2}.Release|x86.ActiveCfg = Release|x86
		{15943A52-66FC-47E8-880A-8749FF4294B2}.Release|x86.Build.0 = Release|x86
	EndGlobalSection
	GlobalSection(SolutionProperties) = preSolution
		HideSolutionNode = FALSE
	EndGlobalSection
EndGlobal
